// !$*UTF8*$!
{
	archiveVersion = 1;
	classes = {
	};
	objectVersion = 46;
	objects = {

/* Begin PBXBuildFile section */
		C01FB2A31D7E7680000C2D6D /* ChartViewController.swift in Sources */ = {isa = PBXBuildFile; fileRef = C01FB2A21D7E7680000C2D6D /* ChartViewController.swift */; };
		C01FB2A71D7E94E6000C2D6D /* FiveDayTimeLine.json in Resources */ = {isa = PBXBuildFile; fileRef = C01FB2A61D7E94E6000C2D6D /* FiveDayTimeLine.json */; };
		C01FBFB61D73DE700068A143 /* HSKLineModel.swift in Sources */ = {isa = PBXBuildFile; fileRef = C01FBFB51D73DE700068A143 /* HSKLineModel.swift */; };
		C01FBFBB1D76E3AE0068A143 /* HSFiveTransactionView.swift in Sources */ = {isa = PBXBuildFile; fileRef = C01FBFBA1D76E3AE0068A143 /* HSFiveTransactionView.swift */; };
		C01FBFC01D76E4010068A143 /* KLineDataSet.swift in Sources */ = {isa = PBXBuildFile; fileRef = C01FBFBC1D76E4010068A143 /* KLineDataSet.swift */; };
		C01FBFC11D76E4010068A143 /* KLineEntity.swift in Sources */ = {isa = PBXBuildFile; fileRef = C01FBFBD1D76E4010068A143 /* KLineEntity.swift */; };
		C01FBFC21D76E4010068A143 /* TimeLineDataSet.swift in Sources */ = {isa = PBXBuildFile; fileRef = C01FBFBE1D76E4010068A143 /* TimeLineDataSet.swift */; };
		C01FBFC31D76E4010068A143 /* TimeLineEntity.swift in Sources */ = {isa = PBXBuildFile; fileRef = C01FBFBF1D76E4010068A143 /* TimeLineEntity.swift */; };
		C03E9AD21D6ECDB900D93016 /* AppDelegate.swift in Sources */ = {isa = PBXBuildFile; fileRef = C03E9AAA1D6ECDB900D93016 /* AppDelegate.swift */; };
		C03E9AD31D6ECDB900D93016 /* Assets.xcassets in Resources */ = {isa = PBXBuildFile; fileRef = C03E9AAB1D6ECDB900D93016 /* Assets.xcassets */; };
		C03E9AD41D6ECDB900D93016 /* LaunchScreen.storyboard in Resources */ = {isa = PBXBuildFile; fileRef = C03E9AAC1D6ECDB900D93016 /* LaunchScreen.storyboard */; };
		C03E9AD51D6ECDB900D93016 /* Main.storyboard in Resources */ = {isa = PBXBuildFile; fileRef = C03E9AAE1D6ECDB900D93016 /* Main.storyboard */; };
		C03E9AD71D6ECDB900D93016 /* CAPSPageMenu.swift in Sources */ = {isa = PBXBuildFile; fileRef = C03E9AB21D6ECDB900D93016 /* CAPSPageMenu.swift */; };
		C03E9ADF1D6ECDB900D93016 /* HSBaseStockChartView.swift in Sources */ = {isa = PBXBuildFile; fileRef = C03E9ABC1D6ECDB900D93016 /* HSBaseStockChartView.swift */; };
		C03E9AE21D6ECDB900D93016 /* HSKLineStockChartView.swift in Sources */ = {isa = PBXBuildFile; fileRef = C03E9ABF1D6ECDB900D93016 /* HSKLineStockChartView.swift */; };
		C03E9AE91D6ECDB900D93016 /* HSTimeLineStockChartView.swift in Sources */ = {isa = PBXBuildFile; fileRef = C03E9AC71D6ECDB900D93016 /* HSTimeLineStockChartView.swift */; };
		C03E9AEA1D6ECDB900D93016 /* Common.swift in Sources */ = {isa = PBXBuildFile; fileRef = C03E9ACA1D6ECDB900D93016 /* Common.swift */; };
		C03E9AEB1D6ECDB900D93016 /* Extension.swift in Sources */ = {isa = PBXBuildFile; fileRef = C03E9ACB1D6ECDB900D93016 /* Extension.swift */; };
		C03E9AF01D6ECDB900D93016 /* ViewController.swift in Sources */ = {isa = PBXBuildFile; fileRef = C03E9AD01D6ECDB900D93016 /* ViewController.swift */; };
		C06400061D780C9800B2760A /* LandscapeViewController.swift in Sources */ = {isa = PBXBuildFile; fileRef = C06400051D780C9800B2760A /* LandscapeViewController.swift */; };
		C0A53C771D77C30800F4192B /* StockMarketDataViewController.swift in Sources */ = {isa = PBXBuildFile; fileRef = C0A53C751D77C30800F4192B /* StockMarketDataViewController.swift */; };
		C0A53C781D77C30800F4192B /* StockMarketDataViewController.xib in Resources */ = {isa = PBXBuildFile; fileRef = C0A53C761D77C30800F4192B /* StockMarketDataViewController.xib */; };
		C0A840B11D6FDB85007C1260 /* HSTimeLineModel.swift in Sources */ = {isa = PBXBuildFile; fileRef = C0A840B01D6FDB85007C1260 /* HSTimeLineModel.swift */; };
		C0A983011D7FB5EF003C3B4C /* DaylyKLine.json in Resources */ = {isa = PBXBuildFile; fileRef = C0A982FE1D7FB5EF003C3B4C /* DaylyKLine.json */; };
		C0A983021D7FB5EF003C3B4C /* MonthlyKLine.json in Resources */ = {isa = PBXBuildFile; fileRef = C0A982FF1D7FB5EF003C3B4C /* MonthlyKLine.json */; };
		C0A983031D7FB5EF003C3B4C /* WeeklyKLine.json in Resources */ = {isa = PBXBuildFile; fileRef = C0A983001D7FB5EF003C3B4C /* WeeklyKLine.json */; };
		C0A983051D7FB6A2003C3B4C /* FiveTrade.json in Resources */ = {isa = PBXBuildFile; fileRef = C0A983041D7FB6A2003C3B4C /* FiveTrade.json */; };
		C0A983071D80149A003C3B4C /* HSStockBriefView.swift in Sources */ = {isa = PBXBuildFile; fileRef = C0A983061D80149A003C3B4C /* HSStockBriefView.swift */; };
		C0A983091D8014AD003C3B4C /* HSStockBriefView.xib in Resources */ = {isa = PBXBuildFile; fileRef = C0A983081D8014AD003C3B4C /* HSStockBriefView.xib */; };
		C0FAA64E1D7D68D900F15200 /* OneDayTimeLine.json in Resources */ = {isa = PBXBuildFile; fileRef = C0FAA64D1D7D68D900F15200 /* OneDayTimeLine.json */; };
		C0FAA6501D7D72D700F15200 /* HSStockBasicInfoModel.swift in Sources */ = {isa = PBXBuildFile; fileRef = C0FAA64F1D7D72D700F15200 /* HSStockBasicInfoModel.swift */; };
		C0FAA6521D7D736800F15200 /* SZ300033.json in Resources */ = {isa = PBXBuildFile; fileRef = C0FAA6511D7D736800F15200 /* SZ300033.json */; };
		CC3B4E94BE8F25351698E863 /* Pods.framework in Frameworks */ = {isa = PBXBuildFile; fileRef = F403C2E489B65B911BF67A02 /* Pods.framework */; };
/* End PBXBuildFile section */

/* Begin PBXFileReference section */
		0526D484F787A98DB4DC5054 /* Pods.release.xcconfig */ = {isa = PBXFileReference; includeInIndex = 1; lastKnownFileType = text.xcconfig; name = Pods.release.xcconfig; path = "Pods/Target Support Files/Pods/Pods.release.xcconfig"; sourceTree = "<group>"; };
		13137C63C2D72A2AE41607B1 /* Pods.debug.xcconfig */ = {isa = PBXFileReference; includeInIndex = 1; lastKnownFileType = text.xcconfig; name = Pods.debug.xcconfig; path = "Pods/Target Support Files/Pods/Pods.debug.xcconfig"; sourceTree = "<group>"; };
		C01FB2A21D7E7680000C2D6D /* ChartViewController.swift */ = {isa = PBXFileReference; fileEncoding = 4; lastKnownFileType = sourcecode.swift; path = ChartViewController.swift; sourceTree = "<group>"; };
		C01FB2A61D7E94E6000C2D6D /* FiveDayTimeLine.json */ = {isa = PBXFileReference; fileEncoding = 4; lastKnownFileType = text.json; path = FiveDayTimeLine.json; sourceTree = "<group>"; };
		C01FBFB51D73DE700068A143 /* HSKLineModel.swift */ = {isa = PBXFileReference; fileEncoding = 4; lastKnownFileType = sourcecode.swift; path = HSKLineModel.swift; sourceTree = "<group>"; };
		C01FBFBA1D76E3AE0068A143 /* HSFiveTransactionView.swift */ = {isa = PBXFileReference; fileEncoding = 4; lastKnownFileType = sourcecode.swift; path = HSFiveTransactionView.swift; sourceTree = "<group>"; };
		C01FBFBC1D76E4010068A143 /* KLineDataSet.swift */ = {isa = PBXFileReference; fileEncoding = 4; lastKnownFileType = sourcecode.swift; path = KLineDataSet.swift; sourceTree = "<group>"; };
		C01FBFBD1D76E4010068A143 /* KLineEntity.swift */ = {isa = PBXFileReference; fileEncoding = 4; lastKnownFileType = sourcecode.swift; path = KLineEntity.swift; sourceTree = "<group>"; };
		C01FBFBE1D76E4010068A143 /* TimeLineDataSet.swift */ = {isa = PBXFileReference; fileEncoding = 4; lastKnownFileType = sourcecode.swift; path = TimeLineDataSet.swift; sourceTree = "<group>"; };
		C01FBFBF1D76E4010068A143 /* TimeLineEntity.swift */ = {isa = PBXFileReference; fileEncoding = 4; lastKnownFileType = sourcecode.swift; path = TimeLineEntity.swift; sourceTree = "<group>"; };
		C03E9AAA1D6ECDB900D93016 /* AppDelegate.swift */ = {isa = PBXFileReference; fileEncoding = 4; lastKnownFileType = sourcecode.swift; path = AppDelegate.swift; sourceTree = "<group>"; };
		C03E9AAB1D6ECDB900D93016 /* Assets.xcassets */ = {isa = PBXFileReference; lastKnownFileType = folder.assetcatalog; path = Assets.xcassets; sourceTree = "<group>"; };
		C03E9AAD1D6ECDB900D93016 /* Base */ = {isa = PBXFileReference; lastKnownFileType = file.storyboard; name = Base; path = Base.lproj/LaunchScreen.storyboard; sourceTree = "<group>"; };
		C03E9AAF1D6ECDB900D93016 /* Base */ = {isa = PBXFileReference; lastKnownFileType = file.storyboard; name = Base; path = Base.lproj/Main.storyboard; sourceTree = "<group>"; };
		C03E9AB01D6ECDB900D93016 /* Info.plist */ = {isa = PBXFileReference; fileEncoding = 4; lastKnownFileType = text.plist.xml; path = Info.plist; sourceTree = "<group>"; };
		C03E9AB21D6ECDB900D93016 /* CAPSPageMenu.swift */ = {isa = PBXFileReference; fileEncoding = 4; lastKnownFileType = sourcecode.swift; path = CAPSPageMenu.swift; sourceTree = "<group>"; };
		C03E9ABC1D6ECDB900D93016 /* HSBaseStockChartView.swift */ = {isa = PBXFileReference; fileEncoding = 4; lastKnownFileType = sourcecode.swift; path = HSBaseStockChartView.swift; sourceTree = "<group>"; };
		C03E9ABF1D6ECDB900D93016 /* HSKLineStockChartView.swift */ = {isa = PBXFileReference; fileEncoding = 4; lastKnownFileType = sourcecode.swift; path = HSKLineStockChartView.swift; sourceTree = "<group>"; };
		C03E9AC71D6ECDB900D93016 /* HSTimeLineStockChartView.swift */ = {isa = PBXFileReference; fileEncoding = 4; lastKnownFileType = sourcecode.swift; path = HSTimeLineStockChartView.swift; sourceTree = "<group>"; };
		C03E9ACA1D6ECDB900D93016 /* Common.swift */ = {isa = PBXFileReference; fileEncoding = 4; lastKnownFileType = sourcecode.swift; path = Common.swift; sourceTree = "<group>"; };
		C03E9ACB1D6ECDB900D93016 /* Extension.swift */ = {isa = PBXFileReference; fileEncoding = 4; lastKnownFileType = sourcecode.swift; path = Extension.swift; sourceTree = "<group>"; };
		C03E9AD01D6ECDB900D93016 /* ViewController.swift */ = {isa = PBXFileReference; fileEncoding = 4; lastKnownFileType = sourcecode.swift; path = ViewController.swift; sourceTree = "<group>"; };
		C06400051D780C9800B2760A /* LandscapeViewController.swift */ = {isa = PBXFileReference; fileEncoding = 4; lastKnownFileType = sourcecode.swift; path = LandscapeViewController.swift; sourceTree = "<group>"; };
		C0A53C751D77C30800F4192B /* StockMarketDataViewController.swift */ = {isa = PBXFileReference; fileEncoding = 4; lastKnownFileType = sourcecode.swift; path = StockMarketDataViewController.swift; sourceTree = "<group>"; };
		C0A53C761D77C30800F4192B /* StockMarketDataViewController.xib */ = {isa = PBXFileReference; fileEncoding = 4; lastKnownFileType = file.xib; path = StockMarketDataViewController.xib; sourceTree = "<group>"; };
		C0A840B01D6FDB85007C1260 /* HSTimeLineModel.swift */ = {isa = PBXFileReference; fileEncoding = 4; lastKnownFileType = sourcecode.swift; path = HSTimeLineModel.swift; sourceTree = "<group>"; };
		C0A982FE1D7FB5EF003C3B4C /* DaylyKLine.json */ = {isa = PBXFileReference; fileEncoding = 4; lastKnownFileType = text.json; path = DaylyKLine.json; sourceTree = "<group>"; };
		C0A982FF1D7FB5EF003C3B4C /* MonthlyKLine.json */ = {isa = PBXFileReference; fileEncoding = 4; lastKnownFileType = text.json; path = MonthlyKLine.json; sourceTree = "<group>"; };
		C0A983001D7FB5EF003C3B4C /* WeeklyKLine.json */ = {isa = PBXFileReference; fileEncoding = 4; lastKnownFileType = text.json; path = WeeklyKLine.json; sourceTree = "<group>"; };
		C0A983041D7FB6A2003C3B4C /* FiveTrade.json */ = {isa = PBXFileReference; fileEncoding = 4; lastKnownFileType = text.json; path = FiveTrade.json; sourceTree = "<group>"; };
		C0A983061D80149A003C3B4C /* HSStockBriefView.swift */ = {isa = PBXFileReference; fileEncoding = 4; lastKnownFileType = sourcecode.swift; path = HSStockBriefView.swift; sourceTree = "<group>"; };
		C0A983081D8014AD003C3B4C /* HSStockBriefView.xib */ = {isa = PBXFileReference; fileEncoding = 4; lastKnownFileType = file.xib; path = HSStockBriefView.xib; sourceTree = "<group>"; };
		C0D065731D61C17A00AC5AAF /* HSStockChartDemo.app */ = {isa = PBXFileReference; explicitFileType = wrapper.application; includeInIndex = 0; path = HSStockChartDemo.app; sourceTree = BUILT_PRODUCTS_DIR; };
		C0FAA64D1D7D68D900F15200 /* OneDayTimeLine.json */ = {isa = PBXFileReference; fileEncoding = 4; lastKnownFileType = text.json; path = OneDayTimeLine.json; sourceTree = "<group>"; };
		C0FAA64F1D7D72D700F15200 /* HSStockBasicInfoModel.swift */ = {isa = PBXFileReference; fileEncoding = 4; lastKnownFileType = sourcecode.swift; path = HSStockBasicInfoModel.swift; sourceTree = "<group>"; };
		C0FAA6511D7D736800F15200 /* SZ300033.json */ = {isa = PBXFileReference; fileEncoding = 4; lastKnownFileType = text.json; path = SZ300033.json; sourceTree = "<group>"; };
		F403C2E489B65B911BF67A02 /* Pods.framework */ = {isa = PBXFileReference; explicitFileType = wrapper.framework; includeInIndex = 0; path = Pods.framework; sourceTree = BUILT_PRODUCTS_DIR; };
/* End PBXFileReference section */

/* Begin PBXFrameworksBuildPhase section */
		C0D065701D61C17A00AC5AAF /* Frameworks */ = {
			isa = PBXFrameworksBuildPhase;
			buildActionMask = 2147483647;
			files = (
				CC3B4E94BE8F25351698E863 /* Pods.framework in Frameworks */,
			);
			runOnlyForDeploymentPostprocessing = 0;
		};
/* End PBXFrameworksBuildPhase section */

/* Begin PBXGroup section */
		5E23547A2E469C51C24A1BF5 /* Pods */ = {
			isa = PBXGroup;
			children = (
				13137C63C2D72A2AE41607B1 /* Pods.debug.xcconfig */,
				0526D484F787A98DB4DC5054 /* Pods.release.xcconfig */,
			);
			name = Pods;
			sourceTree = "<group>";
		};
		73606337C9621AE370570253 /* Frameworks */ = {
			isa = PBXGroup;
			children = (
				F403C2E489B65B911BF67A02 /* Pods.framework */,
			);
			name = Frameworks;
			sourceTree = "<group>";
		};
		C03E9AA91D6ECDB900D93016 /* HSStockChartDemo */ = {
			isa = PBXGroup;
			children = (
				C03E9AAA1D6ECDB900D93016 /* AppDelegate.swift */,
				C03E9AAB1D6ECDB900D93016 /* Assets.xcassets */,
				C03E9AAC1D6ECDB900D93016 /* LaunchScreen.storyboard */,
				C03E9AAE1D6ECDB900D93016 /* Main.storyboard */,
				C03E9AB01D6ECDB900D93016 /* Info.plist */,
				C03E9AB11D6ECDB900D93016 /* PageMenu */,
				C03E9AB31D6ECDB900D93016 /* SampleData */,
				C03E9ABB1D6ECDB900D93016 /* StockChart */,
				C03E9AC81D6ECDB900D93016 /* StockChartDemo */,
			);
			path = HSStockChartDemo;
			sourceTree = "<group>";
		};
		C03E9AB11D6ECDB900D93016 /* PageMenu */ = {
			isa = PBXGroup;
			children = (
				C03E9AB21D6ECDB900D93016 /* CAPSPageMenu.swift */,
			);
			path = PageMenu;
			sourceTree = "<group>";
		};
		C03E9AB31D6ECDB900D93016 /* SampleData */ = {
			isa = PBXGroup;
			children = (
				C0FAA6511D7D736800F15200 /* SZ300033.json */,
				C0FAA64D1D7D68D900F15200 /* OneDayTimeLine.json */,
				C01FB2A61D7E94E6000C2D6D /* FiveDayTimeLine.json */,
				C0A982FE1D7FB5EF003C3B4C /* DaylyKLine.json */,
				C0A983001D7FB5EF003C3B4C /* WeeklyKLine.json */,
				C0A982FF1D7FB5EF003C3B4C /* MonthlyKLine.json */,
				C0A983041D7FB6A2003C3B4C /* FiveTrade.json */,
			);
			path = SampleData;
			sourceTree = "<group>";
		};
		C03E9ABB1D6ECDB900D93016 /* StockChart */ = {
			isa = PBXGroup;
			children = (
				C03E9ABC1D6ECDB900D93016 /* HSBaseStockChartView.swift */,
				C03E9AC71D6ECDB900D93016 /* HSTimeLineStockChartView.swift */,
				C03E9ABF1D6ECDB900D93016 /* HSKLineStockChartView.swift */,
				C01FBFBA1D76E3AE0068A143 /* HSFiveTransactionView.swift */,
				C0A983061D80149A003C3B4C /* HSStockBriefView.swift */,
				C0A983081D8014AD003C3B4C /* HSStockBriefView.xib */,
				C03E9AC01D6ECDB900D93016 /* StockModel */,
			);
			path = StockChart;
			sourceTree = "<group>";
		};
		C03E9AC01D6ECDB900D93016 /* StockModel */ = {
			isa = PBXGroup;
			children = (
				C01FBFBF1D76E4010068A143 /* TimeLineEntity.swift */,
				C01FBFBD1D76E4010068A143 /* KLineEntity.swift */,
				C01FBFBE1D76E4010068A143 /* TimeLineDataSet.swift */,
				C01FBFBC1D76E4010068A143 /* KLineDataSet.swift */,
				C0A840B01D6FDB85007C1260 /* HSTimeLineModel.swift */,
				C01FBFB51D73DE700068A143 /* HSKLineModel.swift */,
				C0FAA64F1D7D72D700F15200 /* HSStockBasicInfoModel.swift */,
			);
			path = StockModel;
			sourceTree = "<group>";
		};
		C03E9AC81D6ECDB900D93016 /* StockChartDemo */ = {
			isa = PBXGroup;
			children = (
				C03E9AC91D6ECDB900D93016 /* Common */,
				C03E9AD01D6ECDB900D93016 /* ViewController.swift */,
				C06400051D780C9800B2760A /* LandscapeViewController.swift */,
				C01FB2A21D7E7680000C2D6D /* ChartViewController.swift */,
				C0A53C751D77C30800F4192B /* StockMarketDataViewController.swift */,
				C0A53C761D77C30800F4192B /* StockMarketDataViewController.xib */,
			);
			path = StockChartDemo;
			sourceTree = "<group>";
		};
		C03E9AC91D6ECDB900D93016 /* Common */ = {
			isa = PBXGroup;
			children = (
				C03E9ACA1D6ECDB900D93016 /* Common.swift */,
				C03E9ACB1D6ECDB900D93016 /* Extension.swift */,
			);
			path = Common;
			sourceTree = "<group>";
		};
		C0D0656A1D61C17A00AC5AAF = {
			isa = PBXGroup;
			children = (
				C03E9AA91D6ECDB900D93016 /* HSStockChartDemo */,
				C0D065741D61C17A00AC5AAF /* Products */,
				5E23547A2E469C51C24A1BF5 /* Pods */,
				73606337C9621AE370570253 /* Frameworks */,
			);
			sourceTree = "<group>";
		};
		C0D065741D61C17A00AC5AAF /* Products */ = {
			isa = PBXGroup;
			children = (
				C0D065731D61C17A00AC5AAF /* HSStockChartDemo.app */,
			);
			name = Products;
			sourceTree = "<group>";
		};
/* End PBXGroup section */

/* Begin PBXNativeTarget section */
		C0D065721D61C17A00AC5AAF /* HSStockChartDemo */ = {
			isa = PBXNativeTarget;
			buildConfigurationList = C0D065851D61C17A00AC5AAF /* Build configuration list for PBXNativeTarget "HSStockChartDemo" */;
			buildPhases = (
				265F26B28BA552ECA02B43E4 /* Check Pods Manifest.lock */,
				C0D0656F1D61C17A00AC5AAF /* Sources */,
				C0D065701D61C17A00AC5AAF /* Frameworks */,
				C0D065711D61C17A00AC5AAF /* Resources */,
				41A33FEE579BDE804BD3EFA5 /* Embed Pods Frameworks */,
				3E1B0B30B9F5536A9320ECBE /* Copy Pods Resources */,
			);
			buildRules = (
			);
			dependencies = (
			);
			name = HSStockChartDemo;
			productName = MyStockChartDemo;
			productReference = C0D065731D61C17A00AC5AAF /* HSStockChartDemo.app */;
			productType = "com.apple.product-type.application";
		};
/* End PBXNativeTarget section */

/* Begin PBXProject section */
		C0D0656B1D61C17A00AC5AAF /* Project object */ = {
			isa = PBXProject;
			attributes = {
				LastSwiftUpdateCheck = 0730;
				LastUpgradeCheck = 0730;
				ORGANIZATIONNAME = hanson;
				TargetAttributes = {
					C0D065721D61C17A00AC5AAF = {
						CreatedOnToolsVersion = 7.3.1;
					};
				};
			};
			buildConfigurationList = C0D0656E1D61C17A00AC5AAF /* Build configuration list for PBXProject "HSStockChartDemo" */;
			compatibilityVersion = "Xcode 3.2";
			developmentRegion = English;
			hasScannedForEncodings = 0;
			knownRegions = (
				en,
				Base,
			);
			mainGroup = C0D0656A1D61C17A00AC5AAF;
			productRefGroup = C0D065741D61C17A00AC5AAF /* Products */;
			projectDirPath = "";
			projectRoot = "";
			targets = (
				C0D065721D61C17A00AC5AAF /* HSStockChartDemo */,
			);
		};
/* End PBXProject section */

/* Begin PBXResourcesBuildPhase section */
		C0D065711D61C17A00AC5AAF /* Resources */ = {
			isa = PBXResourcesBuildPhase;
			buildActionMask = 2147483647;
			files = (
				C0A983051D7FB6A2003C3B4C /* FiveTrade.json in Resources */,
				C0FAA64E1D7D68D900F15200 /* OneDayTimeLine.json in Resources */,
				C03E9AD51D6ECDB900D93016 /* Main.storyboard in Resources */,
				C0FAA6521D7D736800F15200 /* SZ300033.json in Resources */,
				C03E9AD31D6ECDB900D93016 /* Assets.xcassets in Resources */,
				C0A983031D7FB5EF003C3B4C /* WeeklyKLine.json in Resources */,
				C0A53C781D77C30800F4192B /* StockMarketDataViewController.xib in Resources */,
				C01FB2A71D7E94E6000C2D6D /* FiveDayTimeLine.json in Resources */,
				C0A983021D7FB5EF003C3B4C /* MonthlyKLine.json in Resources */,
				C03E9AD41D6ECDB900D93016 /* LaunchScreen.storyboard in Resources */,
				C0A983011D7FB5EF003C3B4C /* DaylyKLine.json in Resources */,
				C0A983091D8014AD003C3B4C /* HSStockBriefView.xib in Resources */,
			);
			runOnlyForDeploymentPostprocessing = 0;
		};
/* End PBXResourcesBuildPhase section */

/* Begin PBXShellScriptBuildPhase section */
		265F26B28BA552ECA02B43E4 /* Check Pods Manifest.lock */ = {
			isa = PBXShellScriptBuildPhase;
			buildActionMask = 2147483647;
			files = (
			);
			inputPaths = (
			);
			name = "Check Pods Manifest.lock";
			outputPaths = (
			);
			runOnlyForDeploymentPostprocessing = 0;
			shellPath = /bin/sh;
			shellScript = "diff \"${PODS_ROOT}/../Podfile.lock\" \"${PODS_ROOT}/Manifest.lock\" > /dev/null\nif [[ $? != 0 ]] ; then\n    cat << EOM\nerror: The sandbox is not in sync with the Podfile.lock. Run 'pod install' or update your CocoaPods installation.\nEOM\n    exit 1\nfi\n";
			showEnvVarsInLog = 0;
		};
		3E1B0B30B9F5536A9320ECBE /* Copy Pods Resources */ = {
			isa = PBXShellScriptBuildPhase;
			buildActionMask = 2147483647;
			files = (
			);
			inputPaths = (
			);
			name = "Copy Pods Resources";
			outputPaths = (
			);
			runOnlyForDeploymentPostprocessing = 0;
			shellPath = /bin/sh;
			shellScript = "\"${SRCROOT}/Pods/Target Support Files/Pods/Pods-resources.sh\"\n";
			showEnvVarsInLog = 0;
		};
		41A33FEE579BDE804BD3EFA5 /* Embed Pods Frameworks */ = {
			isa = PBXShellScriptBuildPhase;
			buildActionMask = 2147483647;
			files = (
			);
			inputPaths = (
			);
			name = "Embed Pods Frameworks";
			outputPaths = (
			);
			runOnlyForDeploymentPostprocessing = 0;
			shellPath = /bin/sh;
			shellScript = "\"${SRCROOT}/Pods/Target Support Files/Pods/Pods-frameworks.sh\"\n";
			showEnvVarsInLog = 0;
		};
/* End PBXShellScriptBuildPhase section */

/* Begin PBXSourcesBuildPhase section */
		C0D0656F1D61C17A00AC5AAF /* Sources */ = {
			isa = PBXSourcesBuildPhase;
			buildActionMask = 2147483647;
			files = (
				C01FB2A31D7E7680000C2D6D /* ChartViewController.swift in Sources */,
				C0A840B11D6FDB85007C1260 /* HSTimeLineModel.swift in Sources */,
				C03E9AEB1D6ECDB900D93016 /* Extension.swift in Sources */,
				C03E9ADF1D6ECDB900D93016 /* HSBaseStockChartView.swift in Sources */,
				C03E9AD71D6ECDB900D93016 /* CAPSPageMenu.swift in Sources */,
				C01FBFC11D76E4010068A143 /* KLineEntity.swift in Sources */,
				C03E9AF01D6ECDB900D93016 /* ViewController.swift in Sources */,
				C01FBFC31D76E4010068A143 /* TimeLineEntity.swift in Sources */,
				C01FBFBB1D76E3AE0068A143 /* HSFiveTransactionView.swift in Sources */,
				C0A53C771D77C30800F4192B /* StockMarketDataViewController.swift in Sources */,
				C0FAA6501D7D72D700F15200 /* HSStockBasicInfoModel.swift in Sources */,
				C03E9AEA1D6ECDB900D93016 /* Common.swift in Sources */,
				C01FBFC01D76E4010068A143 /* KLineDataSet.swift in Sources */,
				C01FBFB61D73DE700068A143 /* HSKLineModel.swift in Sources */,
				C03E9AD21D6ECDB900D93016 /* AppDelegate.swift in Sources */,
				C01FBFC21D76E4010068A143 /* TimeLineDataSet.swift in Sources */,
				C06400061D780C9800B2760A /* LandscapeViewController.swift in Sources */,
				C03E9AE91D6ECDB900D93016 /* HSTimeLineStockChartView.swift in Sources */,
				C03E9AE21D6ECDB900D93016 /* HSKLineStockChartView.swift in Sources */,
				C0A983071D80149A003C3B4C /* HSStockBriefView.swift in Sources */,
			);
			runOnlyForDeploymentPostprocessing = 0;
		};
/* End PBXSourcesBuildPhase section */

/* Begin PBXVariantGroup section */
		C03E9AAC1D6ECDB900D93016 /* LaunchScreen.storyboard */ = {
			isa = PBXVariantGroup;
			children = (
				C03E9AAD1D6ECDB900D93016 /* Base */,
			);
			name = LaunchScreen.storyboard;
			sourceTree = "<group>";
		};
		C03E9AAE1D6ECDB900D93016 /* Main.storyboard */ = {
			isa = PBXVariantGroup;
			children = (
				C03E9AAF1D6ECDB900D93016 /* Base */,
			);
			name = Main.storyboard;
			sourceTree = "<group>";
		};
/* End PBXVariantGroup section */

/* Begin XCBuildConfiguration section */
		C0D065831D61C17A00AC5AAF /* Debug */ = {
			isa = XCBuildConfiguration;
			buildSettings = {
				ALWAYS_SEARCH_USER_PATHS = NO;
				CLANG_ANALYZER_NONNULL = YES;
				CLANG_CXX_LANGUAGE_STANDARD = "gnu++0x";
				CLANG_CXX_LIBRARY = "libc++";
				CLANG_ENABLE_MODULES = YES;
				CLANG_ENABLE_OBJC_ARC = YES;
				CLANG_WARN_BOOL_CONVERSION = YES;
				CLANG_WARN_CONSTANT_CONVERSION = YES;
				CLANG_WARN_DIRECT_OBJC_ISA_USAGE = YES_ERROR;
				CLANG_WARN_EMPTY_BODY = YES;
				CLANG_WARN_ENUM_CONVERSION = YES;
				CLANG_WARN_INT_CONVERSION = YES;
				CLANG_WARN_OBJC_ROOT_CLASS = YES_ERROR;
				CLANG_WARN_UNREACHABLE_CODE = YES;
				CLANG_WARN__DUPLICATE_METHOD_MATCH = YES;
				"CODE_SIGN_IDENTITY[sdk=iphoneos*]" = "iPhone Developer";
				COPY_PHASE_STRIP = NO;
				DEBUG_INFORMATION_FORMAT = dwarf;
				ENABLE_STRICT_OBJC_MSGSEND = YES;
				ENABLE_TESTABILITY = YES;
				GCC_C_LANGUAGE_STANDARD = gnu99;
				GCC_DYNAMIC_NO_PIC = NO;
				GCC_NO_COMMON_BLOCKS = YES;
				GCC_OPTIMIZATION_LEVEL = 0;
				GCC_PREPROCESSOR_DEFINITIONS = (
					"DEBUG=1",
					"$(inherited)",
				);
				GCC_WARN_64_TO_32_BIT_CONVERSION = YES;
				GCC_WARN_ABOUT_RETURN_TYPE = YES_ERROR;
				GCC_WARN_UNDECLARED_SELECTOR = YES;
				GCC_WARN_UNINITIALIZED_AUTOS = YES_AGGRESSIVE;
				GCC_WARN_UNUSED_FUNCTION = YES;
				GCC_WARN_UNUSED_VARIABLE = YES;
				IPHONEOS_DEPLOYMENT_TARGET = 9.3;
				MTL_ENABLE_DEBUG_INFO = YES;
				ONLY_ACTIVE_ARCH = YES;
				SDKROOT = iphoneos;
				SWIFT_OPTIMIZATION_LEVEL = "-Onone";
				TARGETED_DEVICE_FAMILY = "1,2";
			};
			name = Debug;
		};
		C0D065841D61C17A00AC5AAF /* Release */ = {
			isa = XCBuildConfiguration;
			buildSettings = {
				ALWAYS_SEARCH_USER_PATHS = NO;
				CLANG_ANALYZER_NONNULL = YES;
				CLANG_CXX_LANGUAGE_STANDARD = "gnu++0x";
				CLANG_CXX_LIBRARY = "libc++";
				CLANG_ENABLE_MODULES = YES;
				CLANG_ENABLE_OBJC_ARC = YES;
				CLANG_WARN_BOOL_CONVERSION = YES;
				CLANG_WARN_CONSTANT_CONVERSION = YES;
				CLANG_WARN_DIRECT_OBJC_ISA_USAGE = YES_ERROR;
				CLANG_WARN_EMPTY_BODY = YES;
				CLANG_WARN_ENUM_CONVERSION = YES;
				CLANG_WARN_INT_CONVERSION = YES;
				CLANG_WARN_OBJC_ROOT_CLASS = YES_ERROR;
				CLANG_WARN_UNREACHABLE_CODE = YES;
				CLANG_WARN__DUPLICATE_METHOD_MATCH = YES;
				"CODE_SIGN_IDENTITY[sdk=iphoneos*]" = "iPhone Developer";
				COPY_PHASE_STRIP = NO;
				DEBUG_INFORMATION_FORMAT = "dwarf-with-dsym";
				ENABLE_NS_ASSERTIONS = NO;
				ENABLE_STRICT_OBJC_MSGSEND = YES;
				GCC_C_LANGUAGE_STANDARD = gnu99;
				GCC_NO_COMMON_BLOCKS = YES;
				GCC_WARN_64_TO_32_BIT_CONVERSION = YES;
				GCC_WARN_ABOUT_RETURN_TYPE = YES_ERROR;
				GCC_WARN_UNDECLARED_SELECTOR = YES;
				GCC_WARN_UNINITIALIZED_AUTOS = YES_AGGRESSIVE;
				GCC_WARN_UNUSED_FUNCTION = YES;
				GCC_WARN_UNUSED_VARIABLE = YES;
				IPHONEOS_DEPLOYMENT_TARGET = 9.3;
				MTL_ENABLE_DEBUG_INFO = NO;
				SDKROOT = iphoneos;
				TARGETED_DEVICE_FAMILY = "1,2";
				VALIDATE_PRODUCT = YES;
			};
			name = Release;
		};
		C0D065861D61C17A00AC5AAF /* Debug */ = {
			isa = XCBuildConfiguration;
			baseConfigurationReference = 13137C63C2D72A2AE41607B1 /* Pods.debug.xcconfig */;
			buildSettings = {
				ASSETCATALOG_COMPILER_APPICON_NAME = AppIcon;
				CODE_SIGN_IDENTITY = "";
				"CODE_SIGN_IDENTITY[sdk=iphoneos*]" = "iPhone Developer";
				INFOPLIST_FILE = "$(SRCROOT)/HSStockChartDemo/Info.plist";
				IPHONEOS_DEPLOYMENT_TARGET = 8.4;
				LD_RUNPATH_SEARCH_PATHS = "$(inherited) @executable_path/Frameworks";
				PRODUCT_BUNDLE_IDENTIFIER = org.hanson.HSStockChartDemo;
				PRODUCT_NAME = HSStockChartDemo;
			};
			name = Debug;
		};
		C0D065871D61C17A00AC5AAF /* Release */ = {
			isa = XCBuildConfiguration;
			baseConfigurationReference = 0526D484F787A98DB4DC5054 /* Pods.release.xcconfig */;
			buildSettings = {
				ASSETCATALOG_COMPILER_APPICON_NAME = AppIcon;
				INFOPLIST_FILE = "$(SRCROOT)/HSStockChartDemo/Info.plist";
				IPHONEOS_DEPLOYMENT_TARGET = 8.4;
				LD_RUNPATH_SEARCH_PATHS = "$(inherited) @executable_path/Frameworks";
				PRODUCT_BUNDLE_IDENTIFIER = org.hanson.HSStockChartDemo;
				PRODUCT_NAME = HSStockChartDemo;
			};
			name = Release;
		};
/* End XCBuildConfiguration section */

/* Begin XCConfigurationList section */
		C0D0656E1D61C17A00AC5AAF /* Build configuration list for PBXProject "HSStockChartDemo" */ = {
			isa = XCConfigurationList;
			buildConfigurations = (
				C0D065831D61C17A00AC5AAF /* Debug */,
				C0D065841D61C17A00AC5AAF /* Release */,
			);
			defaultConfigurationIsVisible = 0;
			defaultConfigurationName = Release;
		};
		C0D065851D61C17A00AC5AAF /* Build configuration list for PBXNativeTarget "HSStockChartDemo" */ = {
			isa = XCConfigurationList;
			buildConfigurations = (
				C0D065861D61C17A00AC5AAF /* Debug */,
				C0D065871D61C17A00AC5AAF /* Release */,
			);
			defaultConfigurationIsVisible = 0;
			defaultConfigurationName = Release;
		};
/* End XCConfigurationList section */
	};
	rootObject = C0D0656B1D61C17A00AC5AAF /* Project object */;
}
