PODS:
  - SnapKit (3.0.2)
  - SwiftyJSON (3.1.4)

DEPENDENCIES:
  - SnapKit (~> 3.0)
  - SwiftyJSON

SPEC CHECKSUMS:
  SnapKit: 2e456761aa92d4d4067a7a5594c18769d451a8ad
  SwiftyJSON: c2842d878f95482ffceec5709abc3d05680c0220

PODFILE CHECKSUM: f5e88e7f57dbf0a47e37eaab3cd594e13f5f5d07

COCOAPODS: 1.1.1
