PODS:
  - GDPerformanceView-Swift (2.0.2)
  - SnapKit (5.0.1)
  - SwiftyJSON (5.0.0)

DEPENDENCIES:
  - GDPerformanceView-Swift
  - SnapKit
  - SwiftyJSON

SPEC REPOS:
  trunk:
    - GDPerformanceView-Swift
    - SnapKit
    - SwiftyJSON

SPEC CHECKSUMS:
  GDPerformanceView-Swift: a40b2f675589449f5b5082f3178f01bfdb7882ce
  SnapKit: 97b92857e3df3a0c71833cce143274bf6ef8e5eb
  SwiftyJSON: 36413e04c44ee145039d332b4f4e2d3e8d6c4db7

PODFILE CHECKSUM: aafedaf4780d307f2ac546fc9f1920d6aa23c1d2

COCOAPODS: 1.8.4
