// !$*UTF8*$!
{
	archiveVersion = 1;
	classes = {
	};
	objectVersion = 46;
	objects = {

/* Begin PBXBuildFile section */
		C00FC4111DDAE57700C03D2C /* SegmentMenu.swift in Sources */ = {isa = PBXBuildFile; fileRef = C00FC4101DDAE57700C03D2C /* SegmentMenu.swift */; };
		C01FB2A31D7E7680000C2D6D /* ChartViewController.swift in Sources */ = {isa = PBXBuildFile; fileRef = C01FB2A21D7E7680000C2D6D /* ChartViewController.swift */; };
		C01FB2A71D7E94E6000C2D6D /* timeLineForFiveday.json in Resources */ = {isa = PBXBuildFile; fileRef = C01FB2A61D7E94E6000C2D6D /* timeLineForFiveday.json */; };
		C03E9AD21D6ECDB900D93016 /* AppDelegate.swift in Sources */ = {isa = PBXBuildFile; fileRef = C03E9AAA1D6ECDB900D93016 /* AppDelegate.swift */; };
		C03E9AD31D6ECDB900D93016 /* Assets.xcassets in Resources */ = {isa = PBXBuildFile; fileRef = C03E9AAB1D6ECDB900D93016 /* Assets.xcassets */; };
		C03E9AD41D6ECDB900D93016 /* LaunchScreen.storyboard in Resources */ = {isa = PBXBuildFile; fileRef = C03E9AAC1D6ECDB900D93016 /* LaunchScreen.storyboard */; };
		C03E9AD51D6ECDB900D93016 /* Main.storyboard in Resources */ = {isa = PBXBuildFile; fileRef = C03E9AAE1D6ECDB900D93016 /* Main.storyboard */; };
		C03E9AEA1D6ECDB900D93016 /* Common.swift in Sources */ = {isa = PBXBuildFile; fileRef = C03E9ACA1D6ECDB900D93016 /* Common.swift */; };
		C03E9AEB1D6ECDB900D93016 /* Extension.swift in Sources */ = {isa = PBXBuildFile; fileRef = C03E9ACB1D6ECDB900D93016 /* Extension.swift */; };
		C03E9AF01D6ECDB900D93016 /* ViewController.swift in Sources */ = {isa = PBXBuildFile; fileRef = C03E9AD01D6ECDB900D93016 /* ViewController.swift */; };
		C060A30D1E67CF9200BC59CC /* HSCAShapeLayer.swift in Sources */ = {isa = PBXBuildFile; fileRef = C060A2F81E67CF9200BC59CC /* HSCAShapeLayer.swift */; };
		C060A30E1E67CF9200BC59CC /* HSDrawLayerProtocol.swift in Sources */ = {isa = PBXBuildFile; fileRef = C060A2F91E67CF9200BC59CC /* HSDrawLayerProtocol.swift */; };
		C060A30F1E67CF9200BC59CC /* HSKLine.swift in Sources */ = {isa = PBXBuildFile; fileRef = C060A2FB1E67CF9200BC59CC /* HSKLine.swift */; };
		C060A3101E67CF9200BC59CC /* HSKLineUpFrontView.swift in Sources */ = {isa = PBXBuildFile; fileRef = C060A2FC1E67CF9200BC59CC /* HSKLineUpFrontView.swift */; };
		C060A3111E67CF9200BC59CC /* HSKLineView.swift in Sources */ = {isa = PBXBuildFile; fileRef = C060A2FD1E67CF9200BC59CC /* HSKLineView.swift */; };
		C060A3121E67CF9200BC59CC /* HSKLineBriefView.swift in Sources */ = {isa = PBXBuildFile; fileRef = C060A2FF1E67CF9200BC59CC /* HSKLineBriefView.swift */; };
		C060A3131E67CF9200BC59CC /* HSKLineBriefView.xib in Resources */ = {isa = PBXBuildFile; fileRef = C060A3001E67CF9200BC59CC /* HSKLineBriefView.xib */; };
		C060A3141E67CF9200BC59CC /* HSStockBriefView.swift in Sources */ = {isa = PBXBuildFile; fileRef = C060A3011E67CF9200BC59CC /* HSStockBriefView.swift */; };
		C060A3151E67CF9200BC59CC /* HSStockBriefView.xib in Resources */ = {isa = PBXBuildFile; fileRef = C060A3021E67CF9200BC59CC /* HSStockBriefView.xib */; };
		C060A3161E67CF9200BC59CC /* HSKLineCoordModel.swift in Sources */ = {isa = PBXBuildFile; fileRef = C060A3041E67CF9200BC59CC /* HSKLineCoordModel.swift */; };
		C060A3171E67CF9200BC59CC /* HSKLineModel.swift in Sources */ = {isa = PBXBuildFile; fileRef = C060A3051E67CF9200BC59CC /* HSKLineModel.swift */; };
		C060A3181E67CF9200BC59CC /* HSStockBasicInfoModel.swift in Sources */ = {isa = PBXBuildFile; fileRef = C060A3061E67CF9200BC59CC /* HSStockBasicInfoModel.swift */; };
		C060A3191E67CF9200BC59CC /* HSTimeLineCoordModel.swift in Sources */ = {isa = PBXBuildFile; fileRef = C060A3071E67CF9200BC59CC /* HSTimeLineCoordModel.swift */; };
		C060A31A1E67CF9200BC59CC /* HSTimeLineModel.swift in Sources */ = {isa = PBXBuildFile; fileRef = C060A3081E67CF9200BC59CC /* HSTimeLineModel.swift */; };
		C060A31B1E67CF9200BC59CC /* HSStockChartTheme.swift in Sources */ = {isa = PBXBuildFile; fileRef = C060A30A1E67CF9200BC59CC /* HSStockChartTheme.swift */; };
		C060A31C1E67CF9200BC59CC /* HSTimeLine.swift in Sources */ = {isa = PBXBuildFile; fileRef = C060A30C1E67CF9200BC59CC /* HSTimeLine.swift */; };
		C06400061D780C9800B2760A /* LandscapeViewController.swift in Sources */ = {isa = PBXBuildFile; fileRef = C06400051D780C9800B2760A /* LandscapeViewController.swift */; };
		C0A53C771D77C30800F4192B /* StockMarketDataViewController.swift in Sources */ = {isa = PBXBuildFile; fileRef = C0A53C751D77C30800F4192B /* StockMarketDataViewController.swift */; };
		C0A53C781D77C30800F4192B /* StockMarketDataViewController.xib in Resources */ = {isa = PBXBuildFile; fileRef = C0A53C761D77C30800F4192B /* StockMarketDataViewController.xib */; };
		C0A983011D7FB5EF003C3B4C /* kLineForDay.json in Resources */ = {isa = PBXBuildFile; fileRef = C0A982FE1D7FB5EF003C3B4C /* kLineForDay.json */; };
		C0A983021D7FB5EF003C3B4C /* kLineForMonth.json in Resources */ = {isa = PBXBuildFile; fileRef = C0A982FF1D7FB5EF003C3B4C /* kLineForMonth.json */; };
		C0A983031D7FB5EF003C3B4C /* kLineForWeek.json in Resources */ = {isa = PBXBuildFile; fileRef = C0A983001D7FB5EF003C3B4C /* kLineForWeek.json */; };
		C0A983051D7FB6A2003C3B4C /* FiveTrade.json in Resources */ = {isa = PBXBuildFile; fileRef = C0A983041D7FB6A2003C3B4C /* FiveTrade.json */; };
		C0FAA64E1D7D68D900F15200 /* timeLineForDay.json in Resources */ = {isa = PBXBuildFile; fileRef = C0FAA64D1D7D68D900F15200 /* timeLineForDay.json */; };
		C0FAA6521D7D736800F15200 /* SZ300033.json in Resources */ = {isa = PBXBuildFile; fileRef = C0FAA6511D7D736800F15200 /* SZ300033.json */; };
		C38E89D3CEC76FC32FFDE2D7 /* Pods_HSStockChartDemo.framework in Frameworks */ = {isa = PBXBuildFile; fileRef = B4D5F8E2FF58BC1092E5C722 /* Pods_HSStockChartDemo.framework */; };
/* End PBXBuildFile section */

/* Begin PBXFileReference section */
		91CC8D58DAF1D622DA5BF254 /* Pods-HSStockChartDemo.release.xcconfig */ = {isa = PBXFileReference; includeInIndex = 1; lastKnownFileType = text.xcconfig; name = "Pods-HSStockChartDemo.release.xcconfig"; path = "Pods/Target Support Files/Pods-HSStockChartDemo/Pods-HSStockChartDemo.release.xcconfig"; sourceTree = "<group>"; };
		B4D5F8E2FF58BC1092E5C722 /* Pods_HSStockChartDemo.framework */ = {isa = PBXFileReference; explicitFileType = wrapper.framework; includeInIndex = 0; path = Pods_HSStockChartDemo.framework; sourceTree = BUILT_PRODUCTS_DIR; };
		C00FC4101DDAE57700C03D2C /* SegmentMenu.swift */ = {isa = PBXFileReference; fileEncoding = 4; lastKnownFileType = sourcecode.swift; path = SegmentMenu.swift; sourceTree = "<group>"; };
		C01FB2A21D7E7680000C2D6D /* ChartViewController.swift */ = {isa = PBXFileReference; fileEncoding = 4; lastKnownFileType = sourcecode.swift; path = ChartViewController.swift; sourceTree = "<group>"; };
		C01FB2A61D7E94E6000C2D6D /* timeLineForFiveday.json */ = {isa = PBXFileReference; fileEncoding = 4; lastKnownFileType = text.json; path = timeLineForFiveday.json; sourceTree = "<group>"; };
		C03E9AAA1D6ECDB900D93016 /* AppDelegate.swift */ = {isa = PBXFileReference; fileEncoding = 4; lastKnownFileType = sourcecode.swift; path = AppDelegate.swift; sourceTree = "<group>"; };
		C03E9AAB1D6ECDB900D93016 /* Assets.xcassets */ = {isa = PBXFileReference; lastKnownFileType = folder.assetcatalog; path = Assets.xcassets; sourceTree = "<group>"; };
		C03E9AAD1D6ECDB900D93016 /* Base */ = {isa = PBXFileReference; lastKnownFileType = file.storyboard; name = Base; path = Base.lproj/LaunchScreen.storyboard; sourceTree = "<group>"; };
		C03E9AAF1D6ECDB900D93016 /* Base */ = {isa = PBXFileReference; lastKnownFileType = file.storyboard; name = Base; path = Base.lproj/Main.storyboard; sourceTree = "<group>"; };
		C03E9AB01D6ECDB900D93016 /* Info.plist */ = {isa = PBXFileReference; fileEncoding = 4; lastKnownFileType = text.plist.xml; path = Info.plist; sourceTree = "<group>"; };
		C03E9ACA1D6ECDB900D93016 /* Common.swift */ = {isa = PBXFileReference; fileEncoding = 4; lastKnownFileType = sourcecode.swift; path = Common.swift; sourceTree = "<group>"; };
		C03E9ACB1D6ECDB900D93016 /* Extension.swift */ = {isa = PBXFileReference; fileEncoding = 4; lastKnownFileType = sourcecode.swift; path = Extension.swift; sourceTree = "<group>"; };
		C03E9AD01D6ECDB900D93016 /* ViewController.swift */ = {isa = PBXFileReference; fileEncoding = 4; lastKnownFileType = sourcecode.swift; path = ViewController.swift; sourceTree = "<group>"; };
		C060A2F81E67CF9200BC59CC /* HSCAShapeLayer.swift */ = {isa = PBXFileReference; fileEncoding = 4; lastKnownFileType = sourcecode.swift; path = HSCAShapeLayer.swift; sourceTree = "<group>"; };
		C060A2F91E67CF9200BC59CC /* HSDrawLayerProtocol.swift */ = {isa = PBXFileReference; fileEncoding = 4; lastKnownFileType = sourcecode.swift; path = HSDrawLayerProtocol.swift; sourceTree = "<group>"; };
		C060A2FB1E67CF9200BC59CC /* HSKLine.swift */ = {isa = PBXFileReference; fileEncoding = 4; lastKnownFileType = sourcecode.swift; path = HSKLine.swift; sourceTree = "<group>"; };
		C060A2FC1E67CF9200BC59CC /* HSKLineUpFrontView.swift */ = {isa = PBXFileReference; fileEncoding = 4; lastKnownFileType = sourcecode.swift; path = HSKLineUpFrontView.swift; sourceTree = "<group>"; };
		C060A2FD1E67CF9200BC59CC /* HSKLineView.swift */ = {isa = PBXFileReference; fileEncoding = 4; lastKnownFileType = sourcecode.swift; path = HSKLineView.swift; sourceTree = "<group>"; };
		C060A2FF1E67CF9200BC59CC /* HSKLineBriefView.swift */ = {isa = PBXFileReference; fileEncoding = 4; lastKnownFileType = sourcecode.swift; path = HSKLineBriefView.swift; sourceTree = "<group>"; };
		C060A3001E67CF9200BC59CC /* HSKLineBriefView.xib */ = {isa = PBXFileReference; fileEncoding = 4; lastKnownFileType = file.xib; path = HSKLineBriefView.xib; sourceTree = "<group>"; };
		C060A3011E67CF9200BC59CC /* HSStockBriefView.swift */ = {isa = PBXFileReference; fileEncoding = 4; lastKnownFileType = sourcecode.swift; path = HSStockBriefView.swift; sourceTree = "<group>"; };
		C060A3021E67CF9200BC59CC /* HSStockBriefView.xib */ = {isa = PBXFileReference; fileEncoding = 4; lastKnownFileType = file.xib; path = HSStockBriefView.xib; sourceTree = "<group>"; };
		C060A3041E67CF9200BC59CC /* HSKLineCoordModel.swift */ = {isa = PBXFileReference; fileEncoding = 4; lastKnownFileType = sourcecode.swift; path = HSKLineCoordModel.swift; sourceTree = "<group>"; };
		C060A3051E67CF9200BC59CC /* HSKLineModel.swift */ = {isa = PBXFileReference; fileEncoding = 4; lastKnownFileType = sourcecode.swift; path = HSKLineModel.swift; sourceTree = "<group>"; };
		C060A3061E67CF9200BC59CC /* HSStockBasicInfoModel.swift */ = {isa = PBXFileReference; fileEncoding = 4; lastKnownFileType = sourcecode.swift; path = HSStockBasicInfoModel.swift; sourceTree = "<group>"; };
		C060A3071E67CF9200BC59CC /* HSTimeLineCoordModel.swift */ = {isa = PBXFileReference; fileEncoding = 4; lastKnownFileType = sourcecode.swift; path = HSTimeLineCoordModel.swift; sourceTree = "<group>"; };
		C060A3081E67CF9200BC59CC /* HSTimeLineModel.swift */ = {isa = PBXFileReference; fileEncoding = 4; lastKnownFileType = sourcecode.swift; path = HSTimeLineModel.swift; sourceTree = "<group>"; };
		C060A30A1E67CF9200BC59CC /* HSStockChartTheme.swift */ = {isa = PBXFileReference; fileEncoding = 4; lastKnownFileType = sourcecode.swift; path = HSStockChartTheme.swift; sourceTree = "<group>"; };
		C060A30C1E67CF9200BC59CC /* HSTimeLine.swift */ = {isa = PBXFileReference; fileEncoding = 4; lastKnownFileType = sourcecode.swift; path = HSTimeLine.swift; sourceTree = "<group>"; };
		C06400051D780C9800B2760A /* LandscapeViewController.swift */ = {isa = PBXFileReference; fileEncoding = 4; lastKnownFileType = sourcecode.swift; path = LandscapeViewController.swift; sourceTree = "<group>"; };
		C0A53C751D77C30800F4192B /* StockMarketDataViewController.swift */ = {isa = PBXFileReference; fileEncoding = 4; lastKnownFileType = sourcecode.swift; path = StockMarketDataViewController.swift; sourceTree = "<group>"; };
		C0A53C761D77C30800F4192B /* StockMarketDataViewController.xib */ = {isa = PBXFileReference; fileEncoding = 4; lastKnownFileType = file.xib; path = StockMarketDataViewController.xib; sourceTree = "<group>"; };
		C0A982FE1D7FB5EF003C3B4C /* kLineForDay.json */ = {isa = PBXFileReference; fileEncoding = 4; lastKnownFileType = text.json; path = kLineForDay.json; sourceTree = "<group>"; };
		C0A982FF1D7FB5EF003C3B4C /* kLineForMonth.json */ = {isa = PBXFileReference; fileEncoding = 4; lastKnownFileType = text.json; path = kLineForMonth.json; sourceTree = "<group>"; };
		C0A983001D7FB5EF003C3B4C /* kLineForWeek.json */ = {isa = PBXFileReference; fileEncoding = 4; lastKnownFileType = text.json; path = kLineForWeek.json; sourceTree = "<group>"; };
		C0A983041D7FB6A2003C3B4C /* FiveTrade.json */ = {isa = PBXFileReference; fileEncoding = 4; lastKnownFileType = text.json; path = FiveTrade.json; sourceTree = "<group>"; };
		C0D065731D61C17A00AC5AAF /* HSStockChartDemo.app */ = {isa = PBXFileReference; explicitFileType = wrapper.application; includeInIndex = 0; path = HSStockChartDemo.app; sourceTree = BUILT_PRODUCTS_DIR; };
		C0FAA64D1D7D68D900F15200 /* timeLineForDay.json */ = {isa = PBXFileReference; fileEncoding = 4; lastKnownFileType = text.json; path = timeLineForDay.json; sourceTree = "<group>"; };
		C0FAA6511D7D736800F15200 /* SZ300033.json */ = {isa = PBXFileReference; fileEncoding = 4; lastKnownFileType = text.json; path = SZ300033.json; sourceTree = "<group>"; };
		D969CF6DAE6EF7311BBD930D /* Pods-HSStockChartDemo.debug.xcconfig */ = {isa = PBXFileReference; includeInIndex = 1; lastKnownFileType = text.xcconfig; name = "Pods-HSStockChartDemo.debug.xcconfig"; path = "Pods/Target Support Files/Pods-HSStockChartDemo/Pods-HSStockChartDemo.debug.xcconfig"; sourceTree = "<group>"; };
/* End PBXFileReference section */

/* Begin PBXFrameworksBuildPhase section */
		C0D065701D61C17A00AC5AAF /* Frameworks */ = {
			isa = PBXFrameworksBuildPhase;
			buildActionMask = 2147483647;
			files = (
				C38E89D3CEC76FC32FFDE2D7 /* Pods_HSStockChartDemo.framework in Frameworks */,
			);
			runOnlyForDeploymentPostprocessing = 0;
		};
/* End PBXFrameworksBuildPhase section */

/* Begin PBXGroup section */
		15E286114257ED8F46EC389B /* Frameworks */ = {
			isa = PBXGroup;
			children = (
				B4D5F8E2FF58BC1092E5C722 /* Pods_HSStockChartDemo.framework */,
			);
			name = Frameworks;
			sourceTree = "<group>";
		};
		6B26B4A8F4D22DD7D16D41DF /* Pods */ = {
			isa = PBXGroup;
			children = (
				D969CF6DAE6EF7311BBD930D /* Pods-HSStockChartDemo.debug.xcconfig */,
				91CC8D58DAF1D622DA5BF254 /* Pods-HSStockChartDemo.release.xcconfig */,
			);
			name = Pods;
			sourceTree = "<group>";
		};
		C03E9AA91D6ECDB900D93016 /* HSStockChartDemo */ = {
			isa = PBXGroup;
			children = (
				C03E9AAA1D6ECDB900D93016 /* AppDelegate.swift */,
				C03E9AAB1D6ECDB900D93016 /* Assets.xcassets */,
				C03E9AAC1D6ECDB900D93016 /* LaunchScreen.storyboard */,
				C03E9AAE1D6ECDB900D93016 /* Main.storyboard */,
				C03E9AB01D6ECDB900D93016 /* Info.plist */,
				C060A2F71E67CF9200BC59CC /* HSStockChart */,
				C03E9AB31D6ECDB900D93016 /* SampleData */,
				C03E9AC81D6ECDB900D93016 /* StockChartDemo */,
			);
			path = HSStockChartDemo;
			sourceTree = "<group>";
		};
		C03E9AB31D6ECDB900D93016 /* SampleData */ = {
			isa = PBXGroup;
			children = (
				C0FAA6511D7D736800F15200 /* SZ300033.json */,
				C0FAA64D1D7D68D900F15200 /* timeLineForDay.json */,
				C01FB2A61D7E94E6000C2D6D /* timeLineForFiveday.json */,
				C0A982FE1D7FB5EF003C3B4C /* kLineForDay.json */,
				C0A983001D7FB5EF003C3B4C /* kLineForWeek.json */,
				C0A982FF1D7FB5EF003C3B4C /* kLineForMonth.json */,
				C0A983041D7FB6A2003C3B4C /* FiveTrade.json */,
			);
			path = SampleData;
			sourceTree = "<group>";
		};
		C03E9AC81D6ECDB900D93016 /* StockChartDemo */ = {
			isa = PBXGroup;
			children = (
				C03E9AC91D6ECDB900D93016 /* Common */,
				C03E9AD01D6ECDB900D93016 /* ViewController.swift */,
				C00FC4101DDAE57700C03D2C /* SegmentMenu.swift */,
				C01FB2A21D7E7680000C2D6D /* ChartViewController.swift */,
				C06400051D780C9800B2760A /* LandscapeViewController.swift */,
				C0A53C751D77C30800F4192B /* StockMarketDataViewController.swift */,
				C0A53C761D77C30800F4192B /* StockMarketDataViewController.xib */,
			);
			path = StockChartDemo;
			sourceTree = "<group>";
		};
		C03E9AC91D6ECDB900D93016 /* Common */ = {
			isa = PBXGroup;
			children = (
				C03E9ACA1D6ECDB900D93016 /* Common.swift */,
				C03E9ACB1D6ECDB900D93016 /* Extension.swift */,
			);
			path = Common;
			sourceTree = "<group>";
		};
		C060A2F71E67CF9200BC59CC /* HSStockChart */ = {
			isa = PBXGroup;
			children = (
				C060A2F81E67CF9200BC59CC /* HSCAShapeLayer.swift */,
				C060A2F91E67CF9200BC59CC /* HSDrawLayerProtocol.swift */,
				C060A2FA1E67CF9200BC59CC /* KLine */,
				C060A2FE1E67CF9200BC59CC /* StockBriefView */,
				C060A3031E67CF9200BC59CC /* StockModel */,
				C060A3091E67CF9200BC59CC /* Theme */,
				C060A30B1E67CF9200BC59CC /* TimeLine */,
			);
			path = HSStockChart;
			sourceTree = SOURCE_ROOT;
		};
		C060A2FA1E67CF9200BC59CC /* KLine */ = {
			isa = PBXGroup;
			children = (
				C060A2FB1E67CF9200BC59CC /* HSKLine.swift */,
				C060A2FC1E67CF9200BC59CC /* HSKLineUpFrontView.swift */,
				C060A2FD1E67CF9200BC59CC /* HSKLineView.swift */,
			);
			path = KLine;
			sourceTree = "<group>";
		};
		C060A2FE1E67CF9200BC59CC /* StockBriefView */ = {
			isa = PBXGroup;
			children = (
				C060A2FF1E67CF9200BC59CC /* HSKLineBriefView.swift */,
				C060A3001E67CF9200BC59CC /* HSKLineBriefView.xib */,
				C060A3011E67CF9200BC59CC /* HSStockBriefView.swift */,
				C060A3021E67CF9200BC59CC /* HSStockBriefView.xib */,
			);
			path = StockBriefView;
			sourceTree = "<group>";
		};
		C060A3031E67CF9200BC59CC /* StockModel */ = {
			isa = PBXGroup;
			children = (
				C060A3041E67CF9200BC59CC /* HSKLineCoordModel.swift */,
				C060A3051E67CF9200BC59CC /* HSKLineModel.swift */,
				C060A3061E67CF9200BC59CC /* HSStockBasicInfoModel.swift */,
				C060A3071E67CF9200BC59CC /* HSTimeLineCoordModel.swift */,
				C060A3081E67CF9200BC59CC /* HSTimeLineModel.swift */,
			);
			path = StockModel;
			sourceTree = "<group>";
		};
		C060A3091E67CF9200BC59CC /* Theme */ = {
			isa = PBXGroup;
			children = (
				C060A30A1E67CF9200BC59CC /* HSStockChartTheme.swift */,
			);
			path = Theme;
			sourceTree = "<group>";
		};
		C060A30B1E67CF9200BC59CC /* TimeLine */ = {
			isa = PBXGroup;
			children = (
				C060A30C1E67CF9200BC59CC /* HSTimeLine.swift */,
			);
			path = TimeLine;
			sourceTree = "<group>";
		};
		C0D0656A1D61C17A00AC5AAF = {
			isa = PBXGroup;
			children = (
				C03E9AA91D6ECDB900D93016 /* HSStockChartDemo */,
				C0D065741D61C17A00AC5AAF /* Products */,
				6B26B4A8F4D22DD7D16D41DF /* Pods */,
				15E286114257ED8F46EC389B /* Frameworks */,
			);
			sourceTree = "<group>";
		};
		C0D065741D61C17A00AC5AAF /* Products */ = {
			isa = PBXGroup;
			children = (
				C0D065731D61C17A00AC5AAF /* HSStockChartDemo.app */,
			);
			name = Products;
			sourceTree = "<group>";
		};
/* End PBXGroup section */

/* Begin PBXNativeTarget section */
		C0D065721D61C17A00AC5AAF /* HSStockChartDemo */ = {
			isa = PBXNativeTarget;
			buildConfigurationList = C0D065851D61C17A00AC5AAF /* Build configuration list for PBXNativeTarget "HSStockChartDemo" */;
			buildPhases = (
				8F97D56C18CB7DA8A3B29D03 /* [CP] Check Pods Manifest.lock */,
				C0D0656F1D61C17A00AC5AAF /* Sources */,
				C0D065701D61C17A00AC5AAF /* Frameworks */,
				C0D065711D61C17A00AC5AAF /* Resources */,
				1FB52C879023D2145F95F52B /* [CP] Embed Pods Frameworks */,
				777FD046FC3E5E43E8103DB7 /* [CP] Copy Pods Resources */,
			);
			buildRules = (
			);
			dependencies = (
			);
			name = HSStockChartDemo;
			productName = MyStockChartDemo;
			productReference = C0D065731D61C17A00AC5AAF /* HSStockChartDemo.app */;
			productType = "com.apple.product-type.application";
		};
/* End PBXNativeTarget section */

/* Begin PBXProject section */
		C0D0656B1D61C17A00AC5AAF /* Project object */ = {
			isa = PBXProject;
			attributes = {
				LastSwiftUpdateCheck = 0730;
				LastUpgradeCheck = 0830;
				ORGANIZATIONNAME = hanson;
				TargetAttributes = {
					C0D065721D61C17A00AC5AAF = {
						CreatedOnToolsVersion = 7.3.1;
						DevelopmentTeam = XC238MH24L;
						LastSwiftMigration = 0800;
					};
				};
			};
			buildConfigurationList = C0D0656E1D61C17A00AC5AAF /* Build configuration list for PBXProject "HSStockChartDemo" */;
			compatibilityVersion = "Xcode 3.2";
			developmentRegion = English;
			hasScannedForEncodings = 0;
			knownRegions = (
				en,
				Base,
			);
			mainGroup = C0D0656A1D61C17A00AC5AAF;
			productRefGroup = C0D065741D61C17A00AC5AAF /* Products */;
			projectDirPath = "";
			projectRoot = "";
			targets = (
				C0D065721D61C17A00AC5AAF /* HSStockChartDemo */,
			);
		};
/* End PBXProject section */

/* Begin PBXResourcesBuildPhase section */
		C0D065711D61C17A00AC5AAF /* Resources */ = {
			isa = PBXResourcesBuildPhase;
			buildActionMask = 2147483647;
			files = (
				C0A983051D7FB6A2003C3B4C /* FiveTrade.json in Resources */,
				C0FAA64E1D7D68D900F15200 /* timeLineForDay.json in Resources */,
				C060A3131E67CF9200BC59CC /* HSKLineBriefView.xib in Resources */,
				C03E9AD51D6ECDB900D93016 /* Main.storyboard in Resources */,
				C0FAA6521D7D736800F15200 /* SZ300033.json in Resources */,
				C03E9AD31D6ECDB900D93016 /* Assets.xcassets in Resources */,
				C0A983031D7FB5EF003C3B4C /* kLineForWeek.json in Resources */,
				C060A3151E67CF9200BC59CC /* HSStockBriefView.xib in Resources */,
				C0A53C781D77C30800F4192B /* StockMarketDataViewController.xib in Resources */,
				C01FB2A71D7E94E6000C2D6D /* timeLineForFiveday.json in Resources */,
				C0A983021D7FB5EF003C3B4C /* kLineForMonth.json in Resources */,
				C03E9AD41D6ECDB900D93016 /* LaunchScreen.storyboard in Resources */,
				C0A983011D7FB5EF003C3B4C /* kLineForDay.json in Resources */,
			);
			runOnlyForDeploymentPostprocessing = 0;
		};
/* End PBXResourcesBuildPhase section */

/* Begin PBXShellScriptBuildPhase section */
		1FB52C879023D2145F95F52B /* [CP] Embed Pods Frameworks */ = {
			isa = PBXShellScriptBuildPhase;
			buildActionMask = 2147483647;
			files = (
			);
			inputPaths = (
			);
			name = "[CP] Embed Pods Frameworks";
			outputPaths = (
			);
			runOnlyForDeploymentPostprocessing = 0;
			shellPath = /bin/sh;
			shellScript = "\"${SRCROOT}/Pods/Target Support Files/Pods-HSStockChartDemo/Pods-HSStockChartDemo-frameworks.sh\"\n";
			showEnvVarsInLog = 0;
		};
		777FD046FC3E5E43E8103DB7 /* [CP] Copy Pods Resources */ = {
			isa = PBXShellScriptBuildPhase;
			buildActionMask = 2147483647;
			files = (
			);
			inputPaths = (
			);
			name = "[CP] Copy Pods Resources";
			outputPaths = (
			);
			runOnlyForDeploymentPostprocessing = 0;
			shellPath = /bin/sh;
			shellScript = "\"${SRCROOT}/Pods/Target Support Files/Pods-HSStockChartDemo/Pods-HSStockChartDemo-resources.sh\"\n";
			showEnvVarsInLog = 0;
		};
		8F97D56C18CB7DA8A3B29D03 /* [CP] Check Pods Manifest.lock */ = {
			isa = PBXShellScriptBuildPhase;
			buildActionMask = 2147483647;
			files = (
			);
			inputPaths = (
			);
			name = "[CP] Check Pods Manifest.lock";
			outputPaths = (
			);
			runOnlyForDeploymentPostprocessing = 0;
			shellPath = /bin/sh;
			shellScript = "diff \"${PODS_ROOT}/../Podfile.lock\" \"${PODS_ROOT}/Manifest.lock\" > /dev/null\nif [ $? != 0 ] ; then\n    # print error to STDERR\n    echo \"error: The sandbox is not in sync with the Podfile.lock. Run 'pod install' or update your CocoaPods installation.\" >&2\n    exit 1\nfi\n";
			showEnvVarsInLog = 0;
		};
/* End PBXShellScriptBuildPhase section */

/* Begin PBXSourcesBuildPhase section */
		C0D0656F1D61C17A00AC5AAF /* Sources */ = {
			isa = PBXSourcesBuildPhase;
			buildActionMask = 2147483647;
			files = (
				C060A30F1E67CF9200BC59CC /* HSKLine.swift in Sources */,
				C01FB2A31D7E7680000C2D6D /* ChartViewController.swift in Sources */,
				C00FC4111DDAE57700C03D2C /* SegmentMenu.swift in Sources */,
				C03E9AEB1D6ECDB900D93016 /* Extension.swift in Sources */,
				C060A3141E67CF9200BC59CC /* HSStockBriefView.swift in Sources */,
				C060A3121E67CF9200BC59CC /* HSKLineBriefView.swift in Sources */,
				C060A3181E67CF9200BC59CC /* HSStockBasicInfoModel.swift in Sources */,
				C060A3191E67CF9200BC59CC /* HSTimeLineCoordModel.swift in Sources */,
				C03E9AF01D6ECDB900D93016 /* ViewController.swift in Sources */,
				C060A30E1E67CF9200BC59CC /* HSDrawLayerProtocol.swift in Sources */,
				C060A3171E67CF9200BC59CC /* HSKLineModel.swift in Sources */,
				C060A31C1E67CF9200BC59CC /* HSTimeLine.swift in Sources */,
				C060A3161E67CF9200BC59CC /* HSKLineCoordModel.swift in Sources */,
				C060A3101E67CF9200BC59CC /* HSKLineUpFrontView.swift in Sources */,
				C0A53C771D77C30800F4192B /* StockMarketDataViewController.swift in Sources */,
				C03E9AEA1D6ECDB900D93016 /* Common.swift in Sources */,
				C060A30D1E67CF9200BC59CC /* HSCAShapeLayer.swift in Sources */,
				C03E9AD21D6ECDB900D93016 /* AppDelegate.swift in Sources */,
				C06400061D780C9800B2760A /* LandscapeViewController.swift in Sources */,
				C060A3111E67CF9200BC59CC /* HSKLineView.swift in Sources */,
				C060A31B1E67CF9200BC59CC /* HSStockChartTheme.swift in Sources */,
				C060A31A1E67CF9200BC59CC /* HSTimeLineModel.swift in Sources */,
			);
			runOnlyForDeploymentPostprocessing = 0;
		};
/* End PBXSourcesBuildPhase section */

/* Begin PBXVariantGroup section */
		C03E9AAC1D6ECDB900D93016 /* LaunchScreen.storyboard */ = {
			isa = PBXVariantGroup;
			children = (
				C03E9AAD1D6ECDB900D93016 /* Base */,
			);
			name = LaunchScreen.storyboard;
			sourceTree = "<group>";
		};
		C03E9AAE1D6ECDB900D93016 /* Main.storyboard */ = {
			isa = PBXVariantGroup;
			children = (
				C03E9AAF1D6ECDB900D93016 /* Base */,
			);
			name = Main.storyboard;
			sourceTree = "<group>";
		};
/* End PBXVariantGroup section */

/* Begin XCBuildConfiguration section */
		C0D065831D61C17A00AC5AAF /* Debug */ = {
			isa = XCBuildConfiguration;
			buildSettings = {
				ALWAYS_SEARCH_USER_PATHS = NO;
				CLANG_ANALYZER_NONNULL = YES;
				CLANG_CXX_LANGUAGE_STANDARD = "gnu++0x";
				CLANG_CXX_LIBRARY = "libc++";
				CLANG_ENABLE_MODULES = YES;
				CLANG_ENABLE_OBJC_ARC = YES;
				CLANG_WARN_BOOL_CONVERSION = YES;
				CLANG_WARN_CONSTANT_CONVERSION = YES;
				CLANG_WARN_DIRECT_OBJC_ISA_USAGE = YES_ERROR;
				CLANG_WARN_EMPTY_BODY = YES;
				CLANG_WARN_ENUM_CONVERSION = YES;
				CLANG_WARN_INFINITE_RECURSION = YES;
				CLANG_WARN_INT_CONVERSION = YES;
				CLANG_WARN_OBJC_ROOT_CLASS = YES_ERROR;
				CLANG_WARN_SUSPICIOUS_MOVE = YES;
				CLANG_WARN_UNREACHABLE_CODE = YES;
				CLANG_WARN__DUPLICATE_METHOD_MATCH = YES;
				CODE_SIGN_IDENTITY = "iPhone Developer";
				"CODE_SIGN_IDENTITY[sdk=iphoneos*]" = "iPhone Developer";
				COPY_PHASE_STRIP = NO;
				DEBUG_INFORMATION_FORMAT = dwarf;
				ENABLE_STRICT_OBJC_MSGSEND = YES;
				ENABLE_TESTABILITY = YES;
				GCC_C_LANGUAGE_STANDARD = gnu99;
				GCC_DYNAMIC_NO_PIC = NO;
				GCC_NO_COMMON_BLOCKS = YES;
				GCC_OPTIMIZATION_LEVEL = 0;
				GCC_PREPROCESSOR_DEFINITIONS = (
					"DEBUG=1",
					"$(inherited)",
				);
				GCC_WARN_64_TO_32_BIT_CONVERSION = YES;
				GCC_WARN_ABOUT_RETURN_TYPE = YES_ERROR;
				GCC_WARN_UNDECLARED_SELECTOR = YES;
				GCC_WARN_UNINITIALIZED_AUTOS = YES_AGGRESSIVE;
				GCC_WARN_UNUSED_FUNCTION = YES;
				GCC_WARN_UNUSED_VARIABLE = YES;
				IPHONEOS_DEPLOYMENT_TARGET = 8.0;
				MTL_ENABLE_DEBUG_INFO = YES;
				ONLY_ACTIVE_ARCH = YES;
				SDKROOT = iphoneos;
				SWIFT_OPTIMIZATION_LEVEL = "-Onone";
				SWIFT_VERSION = 3.0;
				TARGETED_DEVICE_FAMILY = "1,2";
			};
			name = Debug;
		};
		C0D065841D61C17A00AC5AAF /* Release */ = {
			isa = XCBuildConfiguration;
			buildSettings = {
				ALWAYS_SEARCH_USER_PATHS = NO;
				CLANG_ANALYZER_NONNULL = YES;
				CLANG_CXX_LANGUAGE_STANDARD = "gnu++0x";
				CLANG_CXX_LIBRARY = "libc++";
				CLANG_ENABLE_MODULES = YES;
				CLANG_ENABLE_OBJC_ARC = YES;
				CLANG_WARN_BOOL_CONVERSION = YES;
				CLANG_WARN_CONSTANT_CONVERSION = YES;
				CLANG_WARN_DIRECT_OBJC_ISA_USAGE = YES_ERROR;
				CLANG_WARN_EMPTY_BODY = YES;
				CLANG_WARN_ENUM_CONVERSION = YES;
				CLANG_WARN_INFINITE_RECURSION = YES;
				CLANG_WARN_INT_CONVERSION = YES;
				CLANG_WARN_OBJC_ROOT_CLASS = YES_ERROR;
				CLANG_WARN_SUSPICIOUS_MOVE = YES;
				CLANG_WARN_UNREACHABLE_CODE = YES;
				CLANG_WARN__DUPLICATE_METHOD_MATCH = YES;
				"CODE_SIGN_IDENTITY[sdk=iphoneos*]" = "iPhone Developer";
				COPY_PHASE_STRIP = NO;
				DEBUG_INFORMATION_FORMAT = "dwarf-with-dsym";
				ENABLE_NS_ASSERTIONS = NO;
				ENABLE_STRICT_OBJC_MSGSEND = YES;
				GCC_C_LANGUAGE_STANDARD = gnu99;
				GCC_NO_COMMON_BLOCKS = YES;
				GCC_WARN_64_TO_32_BIT_CONVERSION = YES;
				GCC_WARN_ABOUT_RETURN_TYPE = YES_ERROR;
				GCC_WARN_UNDECLARED_SELECTOR = YES;
				GCC_WARN_UNINITIALIZED_AUTOS = YES_AGGRESSIVE;
				GCC_WARN_UNUSED_FUNCTION = YES;
				GCC_WARN_UNUSED_VARIABLE = YES;
				IPHONEOS_DEPLOYMENT_TARGET = 8.0;
				MTL_ENABLE_DEBUG_INFO = NO;
				SDKROOT = iphoneos;
				SWIFT_OPTIMIZATION_LEVEL = "-Owholemodule";
				SWIFT_VERSION = 3.0;
				TARGETED_DEVICE_FAMILY = "1,2";
				VALIDATE_PRODUCT = YES;
			};
			name = Release;
		};
		C0D065861D61C17A00AC5AAF /* Debug */ = {
			isa = XCBuildConfiguration;
			baseConfigurationReference = D969CF6DAE6EF7311BBD930D /* Pods-HSStockChartDemo.debug.xcconfig */;
			buildSettings = {
				ALWAYS_EMBED_SWIFT_STANDARD_LIBRARIES = YES;
				ASSETCATALOG_COMPILER_APPICON_NAME = AppIcon;
				CODE_SIGN_IDENTITY = "iPhone Developer";
				"CODE_SIGN_IDENTITY[sdk=*]" = "iPhone Developer";
				DEVELOPMENT_TEAM = XC238MH24L;
				INFOPLIST_FILE = "$(SRCROOT)/HSStockChartDemo/Info.plist";
				IPHONEOS_DEPLOYMENT_TARGET = 8.0;
				LD_RUNPATH_SEARCH_PATHS = "$(inherited) @executable_path/Frameworks";
				OTHER_LDFLAGS = "$(inherited)";
				PRODUCT_BUNDLE_IDENTIFIER = org.hanson.HSStockChartDemo;
				PRODUCT_NAME = HSStockChartDemo;
				SWIFT_VERSION = 3.0;
			};
			name = Debug;
		};
		C0D065871D61C17A00AC5AAF /* Release */ = {
			isa = XCBuildConfiguration;
			baseConfigurationReference = 91CC8D58DAF1D622DA5BF254 /* Pods-HSStockChartDemo.release.xcconfig */;
			buildSettings = {
				ALWAYS_EMBED_SWIFT_STANDARD_LIBRARIES = YES;
				ASSETCATALOG_COMPILER_APPICON_NAME = AppIcon;
				DEVELOPMENT_TEAM = XC238MH24L;
				INFOPLIST_FILE = "$(SRCROOT)/HSStockChartDemo/Info.plist";
				IPHONEOS_DEPLOYMENT_TARGET = 8.0;
				LD_RUNPATH_SEARCH_PATHS = "$(inherited) @executable_path/Frameworks";
				OTHER_LDFLAGS = "$(inherited)";
				PRODUCT_BUNDLE_IDENTIFIER = org.hanson.HSStockChartDemo;
				PRODUCT_NAME = HSStockChartDemo;
				SWIFT_VERSION = 3.0;
			};
			name = Release;
		};
/* End XCBuildConfiguration section */

/* Begin XCConfigurationList section */
		C0D0656E1D61C17A00AC5AAF /* Build configuration list for PBXProject "HSStockChartDemo" */ = {
			isa = XCConfigurationList;
			buildConfigurations = (
				C0D065831D61C17A00AC5AAF /* Debug */,
				C0D065841D61C17A00AC5AAF /* Release */,
			);
			defaultConfigurationIsVisible = 0;
			defaultConfigurationName = Release;
		};
		C0D065851D61C17A00AC5AAF /* Build configuration list for PBXNativeTarget "HSStockChartDemo" */ = {
			isa = XCConfigurationList;
			buildConfigurations = (
				C0D065861D61C17A00AC5AAF /* Debug */,
				C0D065871D61C17A00AC5AAF /* Release */,
			);
			defaultConfigurationIsVisible = 0;
			defaultConfigurationName = Release;
		};
/* End XCConfigurationList section */
	};
	rootObject = C0D0656B1D61C17A00AC5AAF /* Project object */;
}
