PODS:
  - SwiftyJSON (3.1.1)

DEPENDENCIES:
  - SwiftyJSON (from `https://github.com/SwiftyJSON/SwiftyJSON.git`)

EXTERNAL SOURCES:
  SwiftyJSON:
    :git: https://github.com/SwiftyJSON/SwiftyJSON.git

CHECKOUT OPTIONS:
  SwiftyJSON:
    :commit: 6a0c3a82e2b4a07723b4958146315c7928220189
    :git: https://github.com/SwiftyJSON/SwiftyJSON.git

SPEC CHECKSUMS:
  SwiftyJSON: f0be2e604f83e8405a624e9f891898bf6ed4e019

PODFILE CHECKSUM: 421b2c8bdf09264ac8dc5d4e677da06686f86114

COCOAPODS: 1.1.1
