PODS:
  - SwiftyJSON (3.0.0)

DEPENDENCIES:
  - SwiftyJSON (from `https://github.com/appsailor/SwiftyJSON.git`, branch `swift3`)

EXTERNAL SOURCES:
  SwiftyJSON:
    :branch: swift3
    :git: https://github.com/appsailor/SwiftyJSON.git

CHECKOUT OPTIONS:
  SwiftyJSON:
    :commit: 2571377e49e6c653a92d993a2bff7a9ca2d71591
    :git: https://github.com/appsailor/SwiftyJSON.git

SPEC CHECKSUMS:
  SwiftyJSON: f57b2b44bc166617372d1c70773591fe9f0f5fd4

COCOAPODS: 0.39.0
